
Microsoft Visual Studio Solution File, Format Version 12.00
# Visual Studio Version 17
VisualStudioVersion = 17.8.34330.188
MinimumVisualStudioVersion = 10.0.40219.1
Project("{9A19103F-16F7-4668-BE54-9A1E7A4F7556}") = "Survey.Entities", "Survey.Entities\Survey.Entities.csproj", "{90868773-3209-4E16-BA19-068302F3ABB6}"
EndProject
Project("{9A19103F-16F7-4668-BE54-9A1E7A4F7556}") = "Survey.Core", "Survey.Core\Survey.Core.csproj", "{878136D7-C99F-4206-A0E1-D9BE041F7CF2}"
EndProject
Project("{9A19103F-16F7-4668-BE54-9A1E7A4F7556}") = "Survey.DataAccess", "Survey.DataAccess\Survey.DataAccess.csproj", "{C3BE36D2-D3F3-4787-A1D4-CA99A04B1ECB}"
EndProject
Project("{9A19103F-16F7-4668-BE54-9A1E7A4F7556}") = "Survey.Business", "Survey.Business\Survey.Business.csproj", "{D53B4EF7-3052-43BD-AD65-4EA750A060EF}"
EndProject
Project("{9A19103F-16F7-4668-BE54-9A1E7A4F7556}") = "Survey.DependencyInjection", "Survey.DependencyInjection\Survey.DependencyInjection.csproj", "{EA53B840-764A-4EB9-9372-97AFFCC0D7F7}"
EndProject
Project("{9A19103F-16F7-4668-BE54-9A1E7A4F7556}") = "Survey.API", "..\..\MyProjects\Survey\Survey.API\Survey.API.csproj", "{7FCAFDC1-132E-4459-8C39-CEDF6794F56E}"
EndProject
Global
	GlobalSection(SolutionConfigurationPlatforms) = preSolution
		Debug|Any CPU = Debug|Any CPU
		Release|Any CPU = Release|Any CPU
	EndGlobalSection
	GlobalSection(ProjectConfigurationPlatforms) = postSolution
		{90868773-3209-4E16-BA19-068302F3ABB6}.Debug|Any CPU.ActiveCfg = Debug|Any CPU
		{90868773-3209-4E16-BA19-068302F3ABB6}.Debug|Any CPU.Build.0 = Debug|Any CPU
		{90868773-3209-4E16-BA19-068302F3ABB6}.Release|Any CPU.ActiveCfg = Release|Any CPU
		{90868773-3209-4E16-BA19-068302F3ABB6}.Release|Any CPU.Build.0 = Release|Any CPU
		{878136D7-C99F-4206-A0E1-D9BE041F7CF2}.Debug|Any CPU.ActiveCfg = Debug|Any CPU
		{878136D7-C99F-4206-A0E1-D9BE041F7CF2}.Debug|Any CPU.Build.0 = Debug|Any CPU
		{878136D7-C99F-4206-A0E1-D9BE041F7CF2}.Release|Any CPU.ActiveCfg = Release|Any CPU
		{878136D7-C99F-4206-A0E1-D9BE041F7CF2}.Release|Any CPU.Build.0 = Release|Any CPU
		{C3BE36D2-D3F3-4787-A1D4-CA99A04B1ECB}.Debug|Any CPU.ActiveCfg = Debug|Any CPU
		{C3BE36D2-D3F3-4787-A1D4-CA99A04B1ECB}.Debug|Any CPU.Build.0 = Debug|Any CPU
		{C3BE36D2-D3F3-4787-A1D4-CA99A04B1ECB}.Release|Any CPU.ActiveCfg = Release|Any CPU
		{C3BE36D2-D3F3-4787-A1D4-CA99A04B1ECB}.Release|Any CPU.Build.0 = Release|Any CPU
		{D53B4EF7-3052-43BD-AD65-4EA750A060EF}.Debug|Any CPU.ActiveCfg = Debug|Any CPU
		{D53B4EF7-3052-43BD-AD65-4EA750A060EF}.Debug|Any CPU.Build.0 = Debug|Any CPU
		{D53B4EF7-3052-43BD-AD65-4EA750A060EF}.Release|Any CPU.ActiveCfg = Release|Any CPU
		{D53B4EF7-3052-43BD-AD65-4EA750A060EF}.Release|Any CPU.Build.0 = Release|Any CPU
		{EA53B840-764A-4EB9-9372-97AFFCC0D7F7}.Debug|Any CPU.ActiveCfg = Debug|Any CPU
		{EA53B840-764A-4EB9-9372-97AFFCC0D7F7}.Debug|Any CPU.Build.0 = Debug|Any CPU
		{EA53B840-764A-4EB9-9372-97AFFCC0D7F7}.Release|Any CPU.ActiveCfg = Release|Any CPU
		{EA53B840-764A-4EB9-9372-97AFFCC0D7F7}.Release|Any CPU.Build.0 = Release|Any CPU
		{7FCAFDC1-132E-4459-8C39-CEDF6794F56E}.Debug|Any CPU.ActiveCfg = Debug|Any CPU
		{7FCAFDC1-132E-4459-8C39-CEDF6794F56E}.Debug|Any CPU.Build.0 = Debug|Any CPU
		{7FCAFDC1-132E-4459-8C39-CEDF6794F56E}.Release|Any CPU.ActiveCfg = Release|Any CPU
		{7FCAFDC1-132E-4459-8C39-CEDF6794F56E}.Release|Any CPU.Build.0 = Release|Any CPU
	EndGlobalSection
	GlobalSection(SolutionProperties) = preSolution
		HideSolutionNode = FALSE
	EndGlobalSection
	GlobalSection(ExtensibilityGlobals) = postSolution
		SolutionGuid = {3C08E1E8-2157-4952-8979-9BD891B1CE74}
	EndGlobalSection
EndGlobal
